
Microsoft Visual Studio Solution File, Format Version 12.00
# Visual Studio Version 17
VisualStudioVersion = 17.8.34330.188
MinimumVisualStudioVersion = 10.0.40219.1
Project("{8BC9CEB8-8B4A-11D0-8D11-00A0C91BC942}") = "dda-line-drawing-algorithm", "dda-line-drawing-algorithm.vcxproj", "{3025AB42-9F81-4A59-8CBF-4B37304D2134}"
EndProject
Global
	GlobalSection(SolutionConfigurationPlatforms) = preSolution
		Debug|x64 = Debug|x64
		Debug|x86 = Debug|x86
		Release|x64 = Release|x64
		Release|x86 = Release|x86
	EndGlobalSection
	GlobalSection(ProjectConfigurationPlatforms) = postSolution
		{3025AB42-9F81-4A59-8CBF-4B37304D2134}.Debug|x64.ActiveCfg = Debug|x64
		{3025AB42-9F81-4A59-8CBF-4B37304D2134}.Debug|x64.Build.0 = Debug|x64
		{3025AB42-9F81-4A59-8CBF-4B37304D2134}.Debug|x86.ActiveCfg = Debug|Win32
		{3025AB42-9F81-4A59-8CBF-4B37304D2134}.Debug|x86.Build.0 = Debug|Win32
		{3025AB42-9F81-4A59-8CBF-4B37304D2134}.Release|x64.ActiveCfg = Release|x64
		{3025AB42-9F81-4A59-8CBF-4B37304D2134}.Release|x64.Build.0 = Release|x64
		{3025AB42-9F81-4A59-8CBF-4B37304D2134}.Release|x86.ActiveCfg = Release|Win32
		{3025AB42-9F81-4A59-8CBF-4B37304D2134}.Release|x86.Build.0 = Release|Win32
	EndGlobalSection
	GlobalSection(SolutionProperties) = preSolution
		HideSolutionNode = FALSE
	EndGlobalSection
	GlobalSection(ExtensibilityGlobals) = postSolution
		SolutionGuid = {8BC99887-B76D-4DBA-ACE8-83527FE80E4D}
	EndGlobalSection
EndGlobal
